
Microsoft Visual Studio Solution File, Format Version 12.00
# Visual Studio Version 17
VisualStudioVersion = 17.7.34009.444
MinimumVisualStudioVersion = 10.0.40219.1
Project("{9A19103F-16F7-4668-BE54-9A1E7A4F7556}") = "SuperPlay.Game.Domain", "SuperPlay.Game.Domain\SuperPlay.Game.Domain.csproj", "{A84D947F-7B6E-469E-83C4-7C2310917ACF}"
EndProject
Project("{2150E333-8FDC-42A3-9474-1A3956D46DE8}") = "Client", "Client", "{F3CE7EB1-2024-4692-A4D4-415B080B7EB1}"
EndProject
Project("{2150E333-8FDC-42A3-9474-1A3956D46DE8}") = "Server", "Server", "{944E5047-970B-4D60-8C89-D4D3D8CF222F}"
EndProject
Project("{FAE04EC0-301F-11D3-BF4B-00C04F79EFBC}") = "SuperPlay.Game.Infrastructure", "SuperPlay.Game.Infrastructure\SuperPlay.Game.Infrastructure.csproj", "{FE79ACC3-D3CC-4098-A328-032D9103BB3F}"
EndProject
Project("{FAE04EC0-301F-11D3-BF4B-00C04F79EFBC}") = "SuperPlay.Game.Api", "SuperPlay.Game.Api\SuperPlay.Game.Api.csproj", "{87AFABCF-C3AE-4CB9-9DFA-68E72DCCB8BA}"
EndProject
Project("{FAE04EC0-301F-11D3-BF4B-00C04F79EFBC}") = "SuperPlay.Game.Client", "SuperPlay.Game.Client\SuperPlay.Game.Client.csproj", "{D3B345AD-4BE3-4673-81C1-2859433D04F5}"
EndProject
Project("{FAE04EC0-301F-11D3-BF4B-00C04F79EFBC}") = "SuperPlay.Game.Application", "SuperPlay.Game.Application\SuperPlay.Game.Application.csproj", "{FBF4721B-9EA7-4DA4-A3E5-B85908CC7C6F}"
EndProject
Global
	GlobalSection(SolutionConfigurationPlatforms) = preSolution
		Debug|Any CPU = Debug|Any CPU
		Release|Any CPU = Release|Any CPU
	EndGlobalSection
	GlobalSection(ProjectConfigurationPlatforms) = postSolution
		{A84D947F-7B6E-469E-83C4-7C2310917ACF}.Debug|Any CPU.ActiveCfg = Debug|Any CPU
		{A84D947F-7B6E-469E-83C4-7C2310917ACF}.Debug|Any CPU.Build.0 = Debug|Any CPU
		{A84D947F-7B6E-469E-83C4-7C2310917ACF}.Release|Any CPU.ActiveCfg = Release|Any CPU
		{A84D947F-7B6E-469E-83C4-7C2310917ACF}.Release|Any CPU.Build.0 = Release|Any CPU
		{FE79ACC3-D3CC-4098-A328-032D9103BB3F}.Debug|Any CPU.ActiveCfg = Debug|Any CPU
		{FE79ACC3-D3CC-4098-A328-032D9103BB3F}.Debug|Any CPU.Build.0 = Debug|Any CPU
		{FE79ACC3-D3CC-4098-A328-032D9103BB3F}.Release|Any CPU.ActiveCfg = Release|Any CPU
		{FE79ACC3-D3CC-4098-A328-032D9103BB3F}.Release|Any CPU.Build.0 = Release|Any CPU
		{87AFABCF-C3AE-4CB9-9DFA-68E72DCCB8BA}.Debug|Any CPU.ActiveCfg = Debug|Any CPU
		{87AFABCF-C3AE-4CB9-9DFA-68E72DCCB8BA}.Debug|Any CPU.Build.0 = Debug|Any CPU
		{87AFABCF-C3AE-4CB9-9DFA-68E72DCCB8BA}.Release|Any CPU.ActiveCfg = Release|Any CPU
		{87AFABCF-C3AE-4CB9-9DFA-68E72DCCB8BA}.Release|Any CPU.Build.0 = Release|Any CPU
		{D3B345AD-4BE3-4673-81C1-2859433D04F5}.Debug|Any CPU.ActiveCfg = Debug|Any CPU
		{D3B345AD-4BE3-4673-81C1-2859433D04F5}.Debug|Any CPU.Build.0 = Debug|Any CPU
		{D3B345AD-4BE3-4673-81C1-2859433D04F5}.Release|Any CPU.ActiveCfg = Release|Any CPU
		{D3B345AD-4BE3-4673-81C1-2859433D04F5}.Release|Any CPU.Build.0 = Release|Any CPU
		{FBF4721B-9EA7-4DA4-A3E5-B85908CC7C6F}.Debug|Any CPU.ActiveCfg = Debug|Any CPU
		{FBF4721B-9EA7-4DA4-A3E5-B85908CC7C6F}.Debug|Any CPU.Build.0 = Debug|Any CPU
		{FBF4721B-9EA7-4DA4-A3E5-B85908CC7C6F}.Release|Any CPU.ActiveCfg = Release|Any CPU
		{FBF4721B-9EA7-4DA4-A3E5-B85908CC7C6F}.Release|Any CPU.Build.0 = Release|Any CPU
	EndGlobalSection
	GlobalSection(SolutionProperties) = preSolution
		HideSolutionNode = FALSE
	EndGlobalSection
	GlobalSection(NestedProjects) = preSolution
		{A84D947F-7B6E-469E-83C4-7C2310917ACF} = {944E5047-970B-4D60-8C89-D4D3D8CF222F}
		{FE79ACC3-D3CC-4098-A328-032D9103BB3F} = {944E5047-970B-4D60-8C89-D4D3D8CF222F}
		{87AFABCF-C3AE-4CB9-9DFA-68E72DCCB8BA} = {944E5047-970B-4D60-8C89-D4D3D8CF222F}
		{D3B345AD-4BE3-4673-81C1-2859433D04F5} = {F3CE7EB1-2024-4692-A4D4-415B080B7EB1}
		{FBF4721B-9EA7-4DA4-A3E5-B85908CC7C6F} = {944E5047-970B-4D60-8C89-D4D3D8CF222F}
	EndGlobalSection
	GlobalSection(ExtensibilityGlobals) = postSolution
		SolutionGuid = {25FE4748-DCBD-4C1B-9387-D2BC7A82A289}
	EndGlobalSection
EndGlobal
